lockfileVersion: '9.0'

settings:
  autoInstallPeers: true
  excludeLinksFromLockfile: false

importers:

  .:
    dependencies:
      '@dedot/contracts':
        specifier: ^1.3.0
        version: 1.3.0(typescript@5.9.3)
      '@polkadot/keyring':
        specifier: ^13.5.6
        version: 13.5.9(@polkadot/util-crypto@13.5.9(@polkadot/util@13.5.9))(@polkadot/util@13.5.9)
      '@polkadot/util-crypto':
        specifier: ^13.5.6
        version: 13.5.9(@polkadot/util@13.5.9)
      dedot:
        specifier: ^1.3.0
        version: 1.3.0(typescript@5.9.3)
      dotenv:
        specifier: ^16.4.7
        version: 16.6.1
    devDependencies:
      '@types/node':
        specifier: ^22.10.5
        version: 22.19.20
      tsx:
        specifier: ^4.19.2
        version: 4.22.4
      typescript:
        specifier: ^5.7.3
        version: 5.9.3

packages:

  '@adraffy/ens-normalize@1.11.1':
    resolution: {integrity: sha512-nhCBV3quEgesuf7c7KYfperqSS14T8bYuvJ8PcLJp6znkZpFc0AuW4qBtr8eKVyPPe/8RSr7sglCWPU5eaxwKQ==}

  '@dedot/api@1.3.0':
    resolution: {integrity: sha512-KkbfM561xVnaAoIG2PFgtcFVRUr3KDx6edd1LyW5k6ujPu5fDkdXzNP4hV8inJ52WNThgnnFLc7D4URbITIf9w==}
    engines: {node: '>=18'}

  '@dedot/cli@1.3.0':
    resolution: {integrity: sha512-QsWnlTWk98JS+yBtHMu+v+tXzyRIVdezK+pdwdCHY/qVM4U7RYTnn/Uc8N11beoQzK08zAGdby9F3pLInEI07w==}
    engines: {node: '>=18'}
    hasBin: true

  '@dedot/codecs@1.3.0':
    resolution: {integrity: sha512-7MYw5n4lNNFsDuI9Rb/Rt3Y6RLxT/rJdY30qt5pNnxiRlXKq1ExmXlRrG9yNdSH1YeAwd6l9v8ukNTaTLxf27Q==}
    engines: {node: '>=18'}

  '@dedot/codegen@1.3.0':
    resolution: {integrity: sha512-EAbtDKhMbRAk+HKvy/WhPPecFnYhnGDOw7O4nJdnrUcJnAFB4VQL2zanZRV8HlRidcut1+zl9Yw8a79zHzYbxw==}
    engines: {node: '>=18'}

  '@dedot/contracts@1.3.0':
    resolution: {integrity: sha512-qtsKasfQF5t4kLYE564I5qTNhhgngAc86QKHic5u1TOGVHavxZjfhwufVHaPUD6x7aU0EInfg4Kdy8PqV27exA==}
    engines: {node: '>=18'}

  '@dedot/merkleized-metadata@1.3.0':
    resolution: {integrity: sha512-OV0O2O2A2iwAnJoO+01ELEriqtC38RmNdFusOKrFMO5ZDG93FAr1hqGes4+Qk62xOMN5fXopPeypbFMwRLAqAA==}
    engines: {node: '>=18'}

  '@dedot/providers@1.3.0':
    resolution: {integrity: sha512-XWdQ8kF8f5Quz2AMz/t8aGlN2a1Av879p2n5xdRkJPam+/XVbCYRd2awpYUjQOxrlVxmm75Uz5yWbHGWVm99Pg==}
    engines: {node: '>=18'}

  '@dedot/runtime-specs@1.3.0':
    resolution: {integrity: sha512-2Z30+nNi9WXvi8NoIQ7Ecx1cbwNs7H/Fgt98CG1nsCIqyzRejzpZ4ux4veWnvc3kSsxn4J4cQD3SEadLWndY0A==}
    engines: {node: '>=18'}

  '@dedot/shape@1.3.0':
    resolution: {integrity: sha512-HOjXfi3nQtKuNif9l1lEUB9FXCgMwx3+wS0OmgiEBgon8JZf+c7sIz7OfGzfepKLW2lI90NSKS/ZI6f5HI390A==}
    engines: {node: '>=18'}

  '@dedot/smoldot@1.3.0':
    resolution: {integrity: sha512-jHM03dUMJ63nKFRw2bDfAK9Nh5CdPou6IInd3iejHrg0yPLbPoCIu+h+GnSAur4oK2vdAIDGRToLj6lUWfFZyw==}
    engines: {node: '>=18'}

  '@dedot/storage@1.3.0':
    resolution: {integrity: sha512-ToBwWmRrnxrbO/vz0UOaCDJmqel8TRxkSHbMShmHPpetPice2P3/aAlFKRnGu4wFlreL5FGe56FPmc1vBc5dsA==}
    engines: {node: '>=18'}

  '@dedot/types@1.3.0':
    resolution: {integrity: sha512-O8nJmCghOsKOScxO9fK/CFn97YFE9On5vBLrJTgEtjfE6LD66UD/R6HeifpXOICHLWzP62Rdnmz+mKWXvyQmLA==}
    engines: {node: '>=18'}

  '@dedot/utils@1.3.0':
    resolution: {integrity: sha512-FPJA+q4D0NlbHNDeNgklZ9/PSRPT1QLKq0PnPECIq+FmIxbNdjKaDLFcuwiBDPDYLwnT7XwK1rErVhxEsoxsiw==}
    engines: {node: '>=18'}

  '@dedot/wasm@0.1.0':
    resolution: {integrity: sha512-IdsH+ZaV0YS8tpmlYiPtwPfKj3qv5CbUv/wftdRuTdcmOosylphSMU06rdvjspehWIJ9dgOBIYS1ocatPHmm4Q==}

  '@esbuild/aix-ppc64@0.28.0':
    resolution: {integrity: sha512-lhRUCeuOyJQURhTxl4WkpFTjIsbDayJHih5kZC1giwE+MhIzAb7mEsQMqMf18rHLsrb5qI1tafG20mLxEWcWlA==}
    engines: {node: '>=18'}
    cpu: [ppc64]
    os: [aix]

  '@esbuild/android-arm64@0.28.0':
    resolution: {integrity: sha512-+WzIXQOSaGs33tLEgYPYe/yQHf0WTU0X42Jca3y8NWMbUVhp7rUnw+vAsRC/QiDrdD31IszMrZy+qwPOPjd+rw==}
    engines: {node: '>=18'}
    cpu: [arm64]
    os: [android]

  '@esbuild/android-arm@0.28.0':
    resolution: {integrity: sha512-wqh0ByljabXLKHeWXYLqoJ5jKC4XBaw6Hk08OfMrCRd2nP2ZQ5eleDZC41XHyCNgktBGYMbqnrJKq/K/lzPMSQ==}
    engines: {node: '>=18'}
    cpu: [arm]
    os: [android]

  '@esbuild/android-x64@0.28.0':
    resolution: {integrity: sha512-+VJggoaKhk2VNNqVL7f6S189UzShHC/mR9EE8rDdSkdpN0KflSwWY/gWjDrNxxisg8Fp1ZCD9jLMo4m0OUfeUA==}
    engines: {node: '>=18'}
    cpu: [x64]
    os: [android]

  '@esbuild/darwin-arm64@0.28.0':
    resolution: {integrity: sha512-0T+A9WZm+bZ84nZBtk1ckYsOvyA3x7e2Acj1KdVfV4/2tdG4fzUp91YHx+GArWLtwqp77pBXVCPn2We7Letr0Q==}
    engines: {node: '>=18'}
    cpu: [arm64]
    os: [darwin]

  '@esbuild/darwin-x64@0.28.0':
    resolution: {integrity: sha512-fyzLm/DLDl/84OCfp2f/XQ4flmORsjU7VKt8HLjvIXChJoFFOIL6pLJPH4Yhd1n1gGFF9mPwtlN5Wf82DZs+LQ==}
    engines: {node: '>=18'}
    cpu: [x64]
    os: [darwin]

  '@esbuild/freebsd-arm64@0.28.0':
    resolution: {integrity: sha512-l9GeW5UZBT9k9brBYI+0WDffcRxgHQD8ShN2Ur4xWq/NFzUKm3k5lsH4PdaRgb2w7mI9u61nr2gI2mLI27Nh3Q==}
    engines: {node: '>=18'}
    cpu: [arm64]
    os: [freebsd]

  '@esbuild/freebsd-x64@0.28.0':
    resolution: {integrity: sha512-BXoQai/A0wPO6Es3yFJ7APCiKGc1tdAEOgeTNy3SsB491S3aHn4S4r3e976eUnPdU+NbdtmBuLncYir2tMU9Nw==}
    engines: {node: '>=18'}
    cpu: [x64]
    os: [freebsd]

  '@esbuild/linux-arm64@0.28.0':
    resolution: {integrity: sha512-RVyzfb3FWsGA55n6WY0MEIEPURL1FcbhFE6BffZEMEekfCzCIMtB5yyDcFnVbTnwk+CLAgTujmV/Lgvih56W+A==}
    engines: {node: '>=18'}
    cpu: [arm64]
    os: [linux]

  '@esbuild/linux-arm@0.28.0':
    resolution: {integrity: sha512-CjaaREJagqJp7iTaNQjjidaNbCKYcd4IDkzbwwxtSvjI7NZm79qiHc8HqciMddQ6CKvJT6aBd8lO9kN/ZudLlw==}
    engines: {node: '>=18'}
    cpu: [arm]
    os: [linux]

  '@esbuild/linux-ia32@0.28.0':
    resolution: {integrity: sha512-KBnSTt1kxl9x70q+ydterVdl+Cn0H18ngRMRCEQfrbqdUuntQQ0LoMZv47uB97NljZFzY6HcfqEZ2SAyIUTQBQ==}
    engines: {node: '>=18'}
    cpu: [ia32]
    os: [linux]

  '@esbuild/linux-loong64@0.28.0':
    resolution: {integrity: sha512-zpSlUce1mnxzgBADvxKXX5sl8aYQHo2ezvMNI8I0lbblJtp8V4odlm3Yzlj7gPyt3T8ReksE6bK+pT3WD+aJRg==}
    engines: {node: '>=18'}
    cpu: [loong64]
    os: [linux]

  '@esbuild/linux-mips64el@0.28.0':
    resolution: {integrity: sha512-2jIfP6mmjkdmeTlsX/9vmdmhBmKADrWqN7zcdtHIeNSCH1SqIoNI63cYsjQR8J+wGa4Y5izRcSHSm8K3QWmk3w==}
    engines: {node: '>=18'}
    cpu: [mips64el]
    os: [linux]

  '@esbuild/linux-ppc64@0.28.0':
    resolution: {integrity: sha512-bc0FE9wWeC0WBm49IQMPSPILRocGTQt3j5KPCA8os6VprfuJ7KD+5PzESSrJ6GmPIPJK965ZJHTUlSA6GNYEhg==}
    engines: {node: '>=18'}
    cpu: [ppc64]
    os: [linux]

  '@esbuild/linux-riscv64@0.28.0':
    resolution: {integrity: sha512-SQPZOwoTTT/HXFXQJG/vBX8sOFagGqvZyXcgLA3NhIqcBv1BJU1d46c0rGcrij2B56Z2rNiSLaZOYW5cUk7yLQ==}
    engines: {node: '>=18'}
    cpu: [riscv64]
    os: [linux]

  '@esbuild/linux-s390x@0.28.0':
    resolution: {integrity: sha512-SCfR0HN8CEEjnYnySJTd2cw0k9OHB/YFzt5zgJEwa+wL/T/raGWYMBqwDNAC6dqFKmJYZoQBRfHjgwLHGSrn3Q==}
    engines: {node: '>=18'}
    cpu: [s390x]
    os: [linux]

  '@esbuild/linux-x64@0.28.0':
    resolution: {integrity: sha512-us0dSb9iFxIi8srnpl931Nvs65it/Jd2a2K3qs7fz2WfGPHqzfzZTfec7oxZJRNPXPnNYZtanmRc4AL/JwVzHQ==}
    engines: {node: '>=18'}
    cpu: [x64]
    os: [linux]

  '@esbuild/netbsd-arm64@0.28.0':
    resolution: {integrity: sha512-CR/RYotgtCKwtftMwJlUU7xCVNg3lMYZ0RzTmAHSfLCXw3NtZtNpswLEj/Kkf6kEL3Gw+BpOekRX0BYCtklhUw==}
    engines: {node: '>=18'}
    cpu: [arm64]
    os: [netbsd]

  '@esbuild/netbsd-x64@0.28.0':
    resolution: {integrity: sha512-nU1yhmYutL+fQ71Kxnhg8uEOdC0pwEW9entHykTgEbna2pw2dkbFSMeqjjyHZoCmt8SBkOSvV+yNmm94aUrrqw==}
    engines: {node: '>=18'}
    cpu: [x64]
    os: [netbsd]

  '@esbuild/openbsd-arm64@0.28.0':
    resolution: {integrity: sha512-cXb5vApOsRsxsEl4mcZ1XY3D4DzcoMxR/nnc4IyqYs0rTI8ZKmW6kyyg+11Z8yvgMfAEldKzP7AdP64HnSC/6g==}
    engines: {node: '>=18'}
    cpu: [arm64]
    os: [openbsd]

  '@esbuild/openbsd-x64@0.28.0':
    resolution: {integrity: sha512-8wZM2qqtv9UP3mzy7HiGYNH/zjTA355mpeuA+859TyR+e+Tc08IHYpLJuMsfpDJwoLo1ikIJI8jC3GFjnRClzA==}
    engines: {node: '>=18'}
    cpu: [x64]
    os: [openbsd]

  '@esbuild/openharmony-arm64@0.28.0':
    resolution: {integrity: sha512-FLGfyizszcef5C3YtoyQDACyg95+dndv79i2EekILBofh5wpCa1KuBqOWKrEHZg3zrL3t5ouE5jgr94vA+Wb2w==}
    engines: {node: '>=18'}
    cpu: [arm64]
    os: [openharmony]

  '@esbuild/sunos-x64@0.28.0':
    resolution: {integrity: sha512-1ZgjUoEdHZZl/YlV76TSCz9Hqj9h9YmMGAgAPYd+q4SicWNX3G5GCyx9uhQWSLcbvPW8Ni7lj4gDa1T40akdlw==}
    engines: {node: '>=18'}
    cpu: [x64]
    os: [sunos]

  '@esbuild/win32-arm64@0.28.0':
    resolution: {integrity: sha512-Q9StnDmQ/enxnpxCCLSg0oo4+34B9TdXpuyPeTedN/6+iXBJ4J+zwfQI28u/Jl40nOYAxGoNi7mFP40RUtkmUA==}
    engines: {node: '>=18'}
    cpu: [arm64]
    os: [win32]

  '@esbuild/win32-ia32@0.28.0':
    resolution: {integrity: sha512-zF3ag/gfiCe6U2iczcRzSYJKH1DCI+ByzSENHlM2FcDbEeo5Zd2C86Aq0tKUYAJJ1obRP84ymxIAksZUcdztHA==}
    engines: {node: '>=18'}
    cpu: [ia32]
    os: [win32]

  '@esbuild/win32-x64@0.28.0':
    resolution: {integrity: sha512-pEl1bO9mfAmIC+tW5btTmrKaujg3zGtUmWNdCw/xs70FBjwAL3o9OEKNHvNmnyylD6ubxUERiEhdsL0xBQ9efw==}
    engines: {node: '>=18'}
    cpu: [x64]
    os: [win32]

  '@noble/ciphers@1.3.0':
    resolution: {integrity: sha512-2I0gnIVPtfnMw9ee9h1dJG7tp81+8Ob3OJb3Mv37rx5L40/b0i7djjCVvGOVqc9AEIQyvyu1i6ypKdFw8R8gQw==}
    engines: {node: ^14.21.3 || >=16}

  '@noble/curves@1.9.1':
    resolution: {integrity: sha512-k11yZxZg+t+gWvBbIswW0yoJlu8cHOC7dhunwOzoWH/mXGBiYyR4YY6hAEK/3EUs4UpB8la1RfdRpeGsFHkWsA==}
    engines: {node: ^14.21.3 || >=16}

  '@noble/hashes@1.8.0':
    resolution: {integrity: sha512-jCs9ldd7NwzpgXDIf6P3+NrHh9/sD6CQdxHyjQI+h/6rDNo88ypBxxz45UDuZHz9r3tNz7N/VInSVoVdtXEI4A==}
    engines: {node: ^14.21.3 || >=16}

  '@polkadot/keyring@13.5.9':
    resolution: {integrity: sha512-bMCpHDN7U8ytxawjBZ89/he5s3AmEZuOdkM/ABcorh/flXNPfyghjFK27Gy4OKoFxX52yJ2sTHR4NxM87GuFXQ==}
    engines: {node: '>=18'}
    peerDependencies:
      '@polkadot/util': 13.5.9
      '@polkadot/util-crypto': 13.5.9

  '@polkadot/networks@13.5.9':
    resolution: {integrity: sha512-nmKUKJjiLgcih0MkdlJNMnhEYdwEml2rv/h59ll2+rAvpsVWMTLCb6Cq6q7UC44+8kiWK2UUJMkFU+3PFFxndA==}
    engines: {node: '>=18'}

  '@polkadot/types-support@16.5.6':
    resolution: {integrity: sha512-Hqpa/hCvXZXUTUiJMAE55UXpzAeCVLaFlzzXQXLkne0vhmv3/JkWcBnX755a/b9+C4b3MKEz2i0tSKLsa3DldA==}
    engines: {node: '>=18'}

  '@polkadot/util-crypto@13.5.9':
    resolution: {integrity: sha512-foUesMhxkTk8CZ0/XEcfvHk6I0O+aICqqVJllhOpyp/ZVnrTBKBf59T6RpsXx2pCtBlMsLRvg/6Mw7RND1HqDg==}
    engines: {node: '>=18'}
    peerDependencies:
      '@polkadot/util': 13.5.9

  '@polkadot/util@13.5.9':
    resolution: {integrity: sha512-pIK3XYXo7DKeFRkEBNYhf3GbCHg6dKQisSvdzZwuyzA6m7YxQq4DFw4IE464ve4Z7WsJFt3a6C9uII36hl9EWw==}
    engines: {node: '>=18'}

  '@polkadot/util@14.0.3':
    resolution: {integrity: sha512-mg1NR7ixHlNiz2zbvdcdy1OXZmca2tVA4DpewGpY/qFkW/gq9HdDrHLu7g0k90QnunDcFW4emb7NB60sGJQ0bw==}
    engines: {node: '>=18'}

  '@polkadot/wasm-bridge@7.5.4':
    resolution: {integrity: sha512-6xaJVvoZbnbgpQYXNw9OHVNWjXmtcoPcWh7hlwx3NpfiLkkjljj99YS+XGZQlq7ks2fVCg7FbfknkNb8PldDaA==}
    engines: {node: '>=18'}
    peerDependencies:
      '@polkadot/util': '*'
      '@polkadot/x-randomvalues': '*'

  '@polkadot/wasm-crypto-asmjs@7.5.4':
    resolution: {integrity: sha512-ZYwxQHAJ8pPt6kYk9XFmyuFuSS+yirJLonvP+DYbxOrARRUHfN4nzp4zcZNXUuaFhpbDobDSFn6gYzye6BUotA==}
    engines: {node: '>=18'}
    peerDependencies:
      '@polkadot/util': '*'

  '@polkadot/wasm-crypto-init@7.5.4':
    resolution: {integrity: sha512-U6s4Eo2rHs2n1iR01vTz/sOQ7eOnRPjaCsGWhPV+ZC/20hkVzwPAhiizu/IqMEol4tO2yiSheD4D6bn0KxUJhg==}
    engines: {node: '>=18'}
    peerDependencies:
      '@polkadot/util': '*'
      '@polkadot/x-randomvalues': '*'

  '@polkadot/wasm-crypto-wasm@7.5.4':
    resolution: {integrity: sha512-PsHgLsVTu43eprwSvUGnxybtOEuHPES6AbApcs7y5ZbM2PiDMzYbAjNul098xJK/CPtrxZ0ePDFnaQBmIJyTFw==}
    engines: {node: '>=18'}
    peerDependencies:
      '@polkadot/util': '*'

  '@polkadot/wasm-crypto@7.5.4':
    resolution: {integrity: sha512-1seyClxa7Jd7kQjfnCzTTTfYhTa/KUTDUaD3DMHBk5Q4ZUN1D1unJgX+v1aUeXSPxmzocdZETPJJRZjhVOqg9g==}
    engines: {node: '>=18'}
    peerDependencies:
      '@polkadot/util': '*'
      '@polkadot/x-randomvalues': '*'

  '@polkadot/wasm-util@7.5.4':
    resolution: {integrity: sha512-hqPpfhCpRAqCIn/CYbBluhh0TXmwkJnDRjxrU9Bnqtw9nMNa97D8JuOjdd2pi0rxm+eeLQ/f1rQMp71RMM9t4w==}
    engines: {node: '>=18'}
    peerDependencies:
      '@polkadot/util': '*'

  '@polkadot/x-bigint@13.5.9':
    resolution: {integrity: sha512-JVW6vw3e8fkcRyN9eoc6JIl63MRxNQCP/tuLdHWZts1tcAYao0hpWUzteqJY93AgvmQ91KPsC1Kf3iuuZCi74g==}
    engines: {node: '>=18'}

  '@polkadot/x-bigint@14.0.3':
    resolution: {integrity: sha512-U0al6BKgldFrEbmSObRAlzv9VDs5SMa/rbvZKvvkVec0sWTzYPWQZU1ZC/biXLYdjdKML89BeuCKmXZtCcGhUQ==}
    engines: {node: '>=18'}

  '@polkadot/x-global@13.5.9':
    resolution: {integrity: sha512-zSRWvELHd3Q+bFkkI1h2cWIqLo1ETm+MxkNXLec3lB56iyq/MjWBxfXnAFFYFayvlEVneo7CLHcp+YTFd9aVSA==}
    engines: {node: '>=18'}

  '@polkadot/x-global@14.0.3':
    resolution: {integrity: sha512-MzMEynJ7HMTy/plLmdyP8rv14RS/6s29HZodUG9aCOscBnEiEDxVEax/ztRJqxhhQuHeYdx0LYDwVbdQDTkqNw==}
    engines: {node: '>=18'}

  '@polkadot/x-randomvalues@13.5.9':
    resolution: {integrity: sha512-Uuuz3oubf1JCCK97fsnVUnHvk4BGp/W91mQWJlgl5TIOUSSTIRr+lb5GurCfl4kgnQq53Zi5fJV+qR9YumbnZw==}
    engines: {node: '>=18'}
    peerDependencies:
      '@polkadot/util': 13.5.9
      '@polkadot/wasm-util': '*'

  '@polkadot/x-textdecoder@13.5.9':
    resolution: {integrity: sha512-W2HhVNUbC/tuFdzNMbnXAWsIHSg9SC9QWDNmFD3nXdSzlXNgL8NmuiwN2fkYvCQBtp/XSoy0gDLx0C+Fo19cfw==}
    engines: {node: '>=18'}

  '@polkadot/x-textdecoder@14.0.3':
    resolution: {integrity: sha512-4RJYDG00iUzQ7YAuS/yvkWRZlkjYU8PUNdJHRfqtJ+SjrSPB7LYYxFhLgw43TZUtHmIueNTsml2Ukv3xXTr2kA==}
    engines: {node: '>=18'}

  '@polkadot/x-textencoder@13.5.9':
    resolution: {integrity: sha512-SG0MHnLUgn1ZxFdm0KzMdTHJ47SfqFhdIPMcGA0Mg/jt2rwrfrP3jtEIJMsHfQpHvfsNPfv55XOMmoPWuQnP/Q==}
    engines: {node: '>=18'}

  '@polkadot/x-textencoder@14.0.3':
    resolution: {integrity: sha512-9HH6o2L+r99wEfXhPb5g+Xwn7qouqD32PsMux7B0dFGR2KNqP4KwO19Hu+gdij6wsEhy7delhZwzHenrWwDfhQ==}
    engines: {node: '>=18'}

  '@polkadot/x-ws@14.0.3':
    resolution: {integrity: sha512-tOPdkMye3iuXnuFtdNg5+iSu7Cz9LRL8z5psMuZpUpThMYChGsS2pDFtNvXOKU8ohhO+frY9VdJ9VBg1WL9Iug==}
    engines: {node: '>=18'}

  '@scure/base@1.2.6':
    resolution: {integrity: sha512-g/nm5FgUa//MCj1gV09zTJTaM6KBAHqLN907YVQqf7zC49+DcO4B1so4ZX07Ef10Twr6nuqYEH9GEggFXA4Fmg==}

  '@scure/bip32@1.7.0':
    resolution: {integrity: sha512-E4FFX/N3f4B80AKWp5dP6ow+flD1LQZo/w8UnLGYZO674jS6YnYeepycOOksv+vLPSpgN35wgKgy+ybfTb2SMw==}

  '@scure/bip39@1.6.0':
    resolution: {integrity: sha512-+lF0BbLiJNwVlev4eKelw1WWLaiKXw7sSl8T6FvBlWkdX+94aGJ4o8XjUdlyhTCjd8c+B3KT3JfS8P0bLRNU6A==}

  '@substrate/ss58-registry@1.51.0':
    resolution: {integrity: sha512-TWDurLiPxndFgKjVavCniytBIw+t4ViOi7TYp9h/D0NMmkEc9klFTo+827eyEJ0lELpqO207Ey7uGxUa+BS1jQ==}

  '@types/bn.js@5.2.0':
    resolution: {integrity: sha512-DLbJ1BPqxvQhIGbeu8VbUC1DiAiahHtAYvA0ZEAa4P31F7IaArc8z3C3BRQdWX4mtLQuABG4yzp76ZrS02Ui1Q==}

  '@types/node@22.19.20':
    resolution: {integrity: sha512-6tELRwSDYWW9EdZhbeZmYGZ1/7Djkt+Ah3/ScEYT9cDord7UJzasR/4D3VONg9tQI5CDp+/CZC1AXj2pCFOvpw==}

  abitype@1.2.3:
    resolution: {integrity: sha512-Ofer5QUnuUdTFsBRwARMoWKOH1ND5ehwYhJ3OJ/BQO+StkwQjHw0XyVh4vDttzHB7QOFhPHa/o413PJ82gU/Tg==}
    peerDependencies:
      typescript: '>=5.0.4'
      zod: ^3.22.0 || ^4.0.0
    peerDependenciesMeta:
      typescript:
        optional: true
      zod:
        optional: true

  ansi-regex@5.0.1:
    resolution: {integrity: sha512-quJQXlTSUGL2LH9SUXo8VwsY4soanhgo6LNSm84E1LBcE8s3O0wpdiRzyR9z/ZZJMlMWv37qOOb9pdJlMUEKFQ==}
    engines: {node: '>=8'}

  ansi-regex@6.2.2:
    resolution: {integrity: sha512-Bq3SmSpyFHaWjPk8If9yc6svM8c56dB5BAtW4Qbw5jHTwwXXcTLoRMkpDJp6VL0XzlWaCHTXrkFURMYmD0sLqg==}
    engines: {node: '>=12'}

  ansi-styles@4.3.0:
    resolution: {integrity: sha512-zbB9rCJAT1rbjiVDb2hqKFHNYLxgtk8NURxZ3IZwD3F6NtxbXZQCnnSi1Lkx+IDohdPlFp222wVALIheZJQSEg==}
    engines: {node: '>=8'}

  bn.js@5.2.3:
    resolution: {integrity: sha512-EAcmnPkxpntVL+DS7bO1zhcZNvCkxqtkd0ZY53h06GNQ3DEkkGZ/gKgmDv6DdZQGj9BgfSPKtJJ7Dp1GPP8f7w==}

  chalk@5.6.2:
    resolution: {integrity: sha512-7NzBL0rN6fMUW+f7A6Io4h40qQlG+xGmtMxfbnH/K7TAtt8JQWVQK+6g0UXKMeVJoyV5EkkNsErQ8pVD3bLHbA==}
    engines: {node: ^12.17.0 || ^14.13 || >=16.0.0}

  cli-cursor@5.0.0:
    resolution: {integrity: sha512-aCj4O5wKyszjMmDT4tZj93kxyydN/K5zPWSCe6/0AV/AA1pqe5ZBIw0a2ZfPQV7lL5/yb5HsUreJ6UFAF1tEQw==}
    engines: {node: '>=18'}

  cli-spinners@3.4.0:
    resolution: {integrity: sha512-bXfOC4QcT1tKXGorxL3wbJm6XJPDqEnij2gQ2m7ESQuE+/z9YFIWnl/5RpTiKWbMq3EVKR4fRLJGn6DVfu0mpw==}
    engines: {node: '>=18.20'}

  cliui@8.0.1:
    resolution: {integrity: sha512-BSeNnyus75C4//NQ9gQt1/csTXyo/8Sb+afLAkzAptFuMsod9HFokGNudZpi/oQV73hnVK+sR+5PVRMd+Dr7YQ==}
    engines: {node: '>=12'}

  color-convert@2.0.1:
    resolution: {integrity: sha512-RRECPsj7iu/xb5oKYcsFHSppFNnsj/52OVTRKb4zP5onXwVF3zVmmToNcOfGC+CRDpfK/U584fMg38ZHCaElKQ==}
    engines: {node: '>=7.0.0'}

  color-name@1.1.4:
    resolution: {integrity: sha512-dOy+3AuW3a2wNbZHIuMZpTcgjGuLU/uBL/ubcZF9OXbDo8ff4O8yVp5Bf0efS8uEoYo5q4Fx7dY9OgQGXgAsQA==}

  dedot@1.3.0:
    resolution: {integrity: sha512-Ba6BkLb1ARG3ncJKXInbU8UqxFGecgWK2Jx6m00hOKmJLDg2qKnS8pMIE1LYUCQ/yrz61SUnpFQwKbtxAdialA==}
    engines: {node: '>=18'}
    hasBin: true

  deshape@0.1.0:
    resolution: {integrity: sha512-6Z941WJcKPE2nMz2lqq5H3OlOAgxECQqOj/OtHluaqgM8ajKESt/vcexMkUw7JGzeuLVKXkGe7+vsCC71NC9SQ==}

  dotenv@16.6.1:
    resolution: {integrity: sha512-uBq4egWHTcTt33a72vpSG0z3HnPuIl6NqYcTrKEg2azoEyl2hpW0zqlxysq2pK9HlDIHyHyakeYaYnSAwd8bow==}
    engines: {node: '>=12'}

  emoji-regex@8.0.0:
    resolution: {integrity: sha512-MSjYzcWNOA0ewAHpz0MxpYFvwg6yjy1NG3xteoqz644VCo/RPgnr1/GGt+ic3iJTzQ8Eu3TdM14SawnVUmGE6A==}

  esbuild@0.28.0:
    resolution: {integrity: sha512-sNR9MHpXSUV/XB4zmsFKN+QgVG82Cc7+/aaxJ8Adi8hyOac+EXptIp45QBPaVyX3N70664wRbTcLTOemCAnyqw==}
    engines: {node: '>=18'}
    hasBin: true

  escalade@3.2.0:
    resolution: {integrity: sha512-WUj2qlxaQtO4g6Pq5c29GTcWGDyd8itL8zTlipgECz3JesAiiOKotd8JU6otB3PACgG6xkJUyVhboMS+bje/jA==}
    engines: {node: '>=6'}

  eventemitter3@5.0.1:
    resolution: {integrity: sha512-GWkBvjiSZK87ELrYOSESUYeVIc9mvLLf/nXalMOS5dYrgZq9o5OVkbZAVM06CVxYsCwH9BDZFPlQTlPA1j4ahA==}

  eventemitter3@5.0.4:
    resolution: {integrity: sha512-mlsTRyGaPBjPedk6Bvw+aqbsXDtoAyAzm5MO7JgU+yVRyMQ5O8bD4Kcci7BS85f93veegeCPkL8R4GLClnjLFw==}

  fsevents@2.3.3:
    resolution: {integrity: sha512-5xoDfX+fL7faATnagmWPpbFtwh/R77WmMMqqHGS65C3vvB0YHrgF+B1YmZ3441tMj5n63k0212XNoJwzlhffQw==}
    engines: {node: ^8.16.0 || ^10.6.0 || >=11.0.0}
    os: [darwin]

  get-caller-file@2.0.5:
    resolution: {integrity: sha512-DyFP3BM/3YHTQOCUL/w0OZHR0lpKeGrxotcHWcqNEdnltqFwXVfhEBQ94eIo34AfQpo0rGki4cyIiftY06h2Fg==}
    engines: {node: 6.* || 8.* || >= 10.*}

  get-east-asian-width@1.6.0:
    resolution: {integrity: sha512-QRbvDIbx6YklUe6RxeTeleMR0yv3cYH6PsPZHcnVn7xv7zO1BHN8r0XETu8n6Ye3Q+ahtSarc3WgtNWmehIBfA==}
    engines: {node: '>=18'}

  handlebars@4.7.9:
    resolution: {integrity: sha512-4E71E0rpOaQuJR2A3xDZ+GM1HyWYv1clR58tC8emQNeQe3RH7MAzSbat+V0wG78LQBo6m6bzSG/L4pBuCsgnUQ==}
    engines: {node: '>=0.4.7'}
    hasBin: true

  is-fullwidth-code-point@3.0.0:
    resolution: {integrity: sha512-zymm5+u+sCsSWyD9qNaejV3DFvhCKclKdizYaJUuHA83RLjb7nSuGnddCHGv0hk+KY7BMAlsWeK4Ueg6EV6XQg==}
    engines: {node: '>=8'}

  is-interactive@2.0.0:
    resolution: {integrity: sha512-qP1vozQRI+BMOPcjFzrjXuQvdak2pHNUMZoeG2eRbiSqyvbEf/wQtEOTOX1guk6E3t36RkaqiSt8A/6YElNxLQ==}
    engines: {node: '>=12'}

  is-unicode-supported@2.1.0:
    resolution: {integrity: sha512-mE00Gnza5EEB3Ds0HfMyllZzbBrmLOX3vfWoj9A9PEnTfratQ/BcaJOuMhnkhjXvb2+FkY3VuHqtAGpTPmglFQ==}
    engines: {node: '>=18'}

  isows@1.0.7:
    resolution: {integrity: sha512-I1fSfDCZL5P0v33sVqeTDSpcstAg/N+wF5HS033mogOVIp4B+oHC7oOCsA3axAbBSGTJ8QubbNmnIRN/h8U7hg==}
    peerDependencies:
      ws: '*'

  log-symbols@7.0.1:
    resolution: {integrity: sha512-ja1E3yCr9i/0hmBVaM0bfwDjnGy8I/s6PP4DFp+yP+a+mrHO4Rm7DtmnqROTUkHIkqffC84YY7AeqX6oFk0WFg==}
    engines: {node: '>=18'}

  mimic-function@5.0.1:
    resolution: {integrity: sha512-VP79XUPxV2CigYP3jWwAUFSku2aKqBH7uTAapFWCBqutsbmDo96KY5o8uh6U+/YSIn5OxJnXp73beVkpqMIGhA==}
    engines: {node: '>=18'}

  minimist@1.2.8:
    resolution: {integrity: sha512-2yyAR8qBkN3YuheJanUpWC5U3bb5osDywNB8RzDVlDwDHbocAJveqqj1u8+SVD7jkWT4yvsHCpWqqWqAxb0zCA==}

  neo-async@2.6.2:
    resolution: {integrity: sha512-Yd3UES5mWCSqR+qNT93S3UoYUkqAZ9lLg8a7g9rimsWmYGK8cVToA4/sF3RrshdyV3sAGMXVUmpMYOw+dLpOuw==}

  onetime@7.0.0:
    resolution: {integrity: sha512-VXJjc87FScF88uafS3JllDgvAm+c/Slfz06lorj2uAY34rlUu0Nt+v8wreiImcrgAjjIHp1rXpTDlLOGw29WwQ==}
    engines: {node: '>=18'}

  ora@9.4.0:
    resolution: {integrity: sha512-84cglkRILFxdtA8hAvLNdMrtBpPNBTrQ9/ulg0FA7xLMnD6mifv+enAIeRmvtv+WgdCE+LPGOfQmtJRrVaIVhQ==}
    engines: {node: '>=20'}

  ox@0.14.29:
    resolution: {integrity: sha512-M5j87Ec4V99MQdRct/g09eWXW60g6zhHTUs1lr4deUtrPDnezBdCJTgKd7pxqTpSZBFveV0ALi9jMMuT1qKyNg==}
    peerDependencies:
      typescript: '>=5.4.0'
    peerDependenciesMeta:
      typescript:
        optional: true

  prettier@3.8.4:
    resolution: {integrity: sha512-N2MylSdi48+5N/6S5j+maeHbUSIzzZ5uOcX5Hm4QpV8Dkb1HFjfAKTKX6yNPJQD9AhcT3ifHNB66tWTTJDi11Q==}
    engines: {node: '>=14'}
    hasBin: true

  require-directory@2.1.1:
    resolution: {integrity: sha512-fGxEI7+wsG9xrvdjsrlmL22OMTTiHRwAMroiEeMgq8gzoLC/PQr7RsRDSTLUg/bZAZtF+TVIkHc6/4RIKrui+Q==}
    engines: {node: '>=0.10.0'}

  restore-cursor@5.1.0:
    resolution: {integrity: sha512-oMA2dcrw6u0YfxJQXm342bFKX/E4sG9rbTzO9ptUcR/e8A33cHuvStiYOwH7fszkZlZ1z/ta9AAoPk2F4qIOHA==}
    engines: {node: '>=18'}

  signal-exit@4.1.0:
    resolution: {integrity: sha512-bzyZ1e88w9O1iNJbKnOlvYTrWPDl46O1bG0D3XInv+9tkPrxrN8jUUTiFlDkkmKWgn1M6CfIA13SuGqOa9Korw==}
    engines: {node: '>=14'}

  smoldot@2.0.40:
    resolution: {integrity: sha512-h6XC/kKDLdZBBTI0X8y4ZxmaZ2KYVVB0+5isCQm6j26ljeNjHZUDOV+hf8VyoE23+jg00wrxNJ2IVcIAURxwtg==}

  source-map@0.6.1:
    resolution: {integrity: sha512-UjgapumWlbMhkBgzT7Ykc5YXUT46F0iKu8SGXq0bcwP5dz/h0Plj6enJqjz1Zbq2l5WaqYnrVbwWOWMyF3F47g==}
    engines: {node: '>=0.10.0'}

  stdin-discarder@0.3.2:
    resolution: {integrity: sha512-eCPu1qRxPVkl5605OTWF8Wz40b4Mf45NY5LQmVPQ599knfs5QhASUm9GbJ5BDMDOXgrnh0wyEdvzmL//YMlw0A==}
    engines: {node: '>=18'}

  string-width@4.2.3:
    resolution: {integrity: sha512-wKyQRQpjJ0sIp62ErSZdGsjMJWsap5oRNihHhu6G7JVO/9jIB6UyevL+tXuOqrng8j/cxKTWyWUwvSTriiZz/g==}
    engines: {node: '>=8'}

  string-width@8.2.1:
    resolution: {integrity: sha512-IIaP0g3iy9Cyy18w3M9YcaDudujEAVHKt3a3QJg1+sr/oX96TbaGUubG0hJyCjCBThFH+tFpcIyoUHUn1ogaLA==}
    engines: {node: '>=20'}

  strip-ansi@6.0.1:
    resolution: {integrity: sha512-Y38VPSHcqkFrCpFnQ9vuSXmquuv5oXOKpGeT6aGrr3o3Gc9AlVa6JBfUSOCnbxGGZF+/0ooI7KrPuUSztUdU5A==}
    engines: {node: '>=8'}

  strip-ansi@7.2.0:
    resolution: {integrity: sha512-yDPMNjp4WyfYBkHnjIRLfca1i6KMyGCtsVgoKe/z1+6vukgaENdgGBZt+ZmKPc4gavvEZ5OgHfHdrazhgNyG7w==}
    engines: {node: '>=12'}

  tslib@2.8.1:
    resolution: {integrity: sha512-oJFu94HQb+KVduSUQL7wnpmqnfmLsOA/nAh6b6EH0wCEoK0/mPeXU6c3wKDV83MkOuHPRHtSXKKU99IBazS/2w==}

  tsx@4.22.4:
    resolution: {integrity: sha512-X8EX+XV4QR5xCsrgxaED954zTDfY8KqlDtskKEL0cHhyS/P8b4IFOvGDQpsC9Q1XnLq915wEfwwY/zzskCtmhg==}
    engines: {node: '>=18.0.0'}
    hasBin: true

  typescript@5.9.3:
    resolution: {integrity: sha512-jl1vZzPDinLr9eUt3J/t7V6FgNEw9QjvBPdysz9KfQDD41fQrC2Y4vKQdiaUpFT4bXlb1RHhLpp8wtm6M5TgSw==}
    engines: {node: '>=14.17'}
    hasBin: true

  uglify-js@3.19.3:
    resolution: {integrity: sha512-v3Xu+yuwBXisp6QYTcH4UbH+xYJXqnq2m/LtQVWKWzYc1iehYnLixoQDN9FH6/j9/oybfd6W9Ghwkl8+UMKTKQ==}
    engines: {node: '>=0.8.0'}
    hasBin: true

  undici-types@6.21.0:
    resolution: {integrity: sha512-iwDZqg0QAGrg9Rav5H4n0M64c3mkR59cJ6wQp+7C4nI0gsmExaedaYLNO44eT4AtBBwjbTiGPMlt2Md0T9H9JQ==}

  viem@2.52.2:
    resolution: {integrity: sha512-HSU12p5aD/kAPZfrlbCUqdiP4P/c6hQ9AhfTS51VbLUQIjkWd1d5EjrCx/SCxZ0zhZVRn4Iv5X5WDqXPG8Ubew==}
    peerDependencies:
      typescript: '>=5.0.4'
    peerDependenciesMeta:
      typescript:
        optional: true

  wordwrap@1.0.0:
    resolution: {integrity: sha512-gvVzJFlPycKc5dZN4yPkP8w7Dc37BtP1yczEneOb4uq34pXZcvrtRTmWV8W+Ume+XCxKgbjM+nevkyFPMybd4Q==}

  wrap-ansi@7.0.0:
    resolution: {integrity: sha512-YVGIj2kamLSTxw6NsZjoBxfSwsn0ycdesmc4p+Q21c5zPuZ1pl+NfxVdxPtdHvmNVOQ6XSYG4AUtyt/Fi7D16Q==}
    engines: {node: '>=10'}

  ws@8.20.1:
    resolution: {integrity: sha512-It4dO0K5v//JtTXuPkfEOaI3uUN87iYPnqo/ZzqCoG3g8uhA66QUMs/SrM0YK7/NAu+r4LMh/9dq2A7k+rHs+w==}
    engines: {node: '>=10.0.0'}
    peerDependencies:
      bufferutil: ^4.0.1
      utf-8-validate: '>=5.0.2'
    peerDependenciesMeta:
      bufferutil:
        optional: true
      utf-8-validate:
        optional: true

  ws@8.21.0:
    resolution: {integrity: sha512-Vsp28b7DRcimFQvrqu2Wek3z1iYxDCWqHYB8Qsnk/S4RfaCQzPGPyBNuVjJV3cd6UiKtUtp6sNM77gWvzcCH+g==}
    engines: {node: '>=10.0.0'}
    peerDependencies:
      bufferutil: ^4.0.1
      utf-8-validate: '>=5.0.2'
    peerDependenciesMeta:
      bufferutil:
        optional: true
      utf-8-validate:
        optional: true

  y18n@5.0.8:
    resolution: {integrity: sha512-0pfFzegeDWJHJIAmTLRP2DwHjdF5s7jo9tuztdQxAhINCdvS+3nGINqPd00AphqJR/0LhANUS6/+7SCb98YOfA==}
    engines: {node: '>=10'}

  yargs-parser@21.1.1:
    resolution: {integrity: sha512-tVpsJW7DdjecAiFpbIB1e3qxIQsE6NoPc5/eTdrbbIC4h0LVsWhnoa3g+m2HclBIujHzsxZ4VJVA+GUuc2/LBw==}
    engines: {node: '>=12'}

  yargs@17.7.2:
    resolution: {integrity: sha512-7dSzzRQ++CKnNI/krKnYRV7JKKPUXMEh61soaHKg9mrWEhzFWhFnxPxGl+69cD1Ou63C13NUPCnmIcrvqCuM6w==}
    engines: {node: '>=12'}

  yoctocolors@2.1.2:
    resolution: {integrity: sha512-CzhO+pFNo8ajLM2d2IW/R93ipy99LWjtwblvC1RsoSUMZgyLbYFr221TnSNT7GjGdYui6P459mw9JH/g/zW2ug==}
    engines: {node: '>=18'}

snapshots:

  '@adraffy/ens-normalize@1.11.1': {}

  '@dedot/api@1.3.0':
    dependencies:
      '@dedot/codecs': 1.3.0
      '@dedot/providers': 1.3.0
      '@dedot/runtime-specs': 1.3.0
      '@dedot/shape': 1.3.0
      '@dedot/storage': 1.3.0
      '@dedot/types': 1.3.0
      '@dedot/utils': 1.3.0
    transitivePeerDependencies:
      - bufferutil
      - utf-8-validate

  '@dedot/cli@1.3.0(typescript@5.9.3)':
    dependencies:
      '@dedot/api': 1.3.0
      '@dedot/codecs': 1.3.0
      '@dedot/codegen': 1.3.0(typescript@5.9.3)
      '@dedot/wasm': 0.1.0
      '@polkadot/types-support': 16.5.6
      ora: 9.4.0
      yargs: 17.7.2
    transitivePeerDependencies:
      - bufferutil
      - typescript
      - utf-8-validate
      - zod

  '@dedot/codecs@1.3.0':
    dependencies:
      '@dedot/shape': 1.3.0
      '@dedot/utils': 1.3.0

  '@dedot/codegen@1.3.0(typescript@5.9.3)':
    dependencies:
      '@dedot/api': 1.3.0
      '@dedot/codecs': 1.3.0
      '@dedot/contracts': 1.3.0(typescript@5.9.3)
      '@dedot/providers': 1.3.0
      '@dedot/runtime-specs': 1.3.0
      '@dedot/shape': 1.3.0
      '@dedot/types': 1.3.0
      '@dedot/utils': 1.3.0
      handlebars: 4.7.9
      prettier: 3.8.4
    transitivePeerDependencies:
      - bufferutil
      - typescript
      - utf-8-validate
      - zod

  '@dedot/contracts@1.3.0(typescript@5.9.3)':
    dependencies:
      '@dedot/api': 1.3.0
      '@dedot/codecs': 1.3.0
      '@dedot/types': 1.3.0
      '@dedot/utils': 1.3.0
      viem: 2.52.2(typescript@5.9.3)
    transitivePeerDependencies:
      - bufferutil
      - typescript
      - utf-8-validate
      - zod

  '@dedot/merkleized-metadata@1.3.0':
    dependencies:
      '@dedot/codecs': 1.3.0
      '@dedot/shape': 1.3.0
      '@dedot/utils': 1.3.0

  '@dedot/providers@1.3.0':
    dependencies:
      '@dedot/utils': 1.3.0
      '@polkadot/x-ws': 14.0.3
    transitivePeerDependencies:
      - bufferutil
      - utf-8-validate

  '@dedot/runtime-specs@1.3.0':
    dependencies:
      '@dedot/codecs': 1.3.0
      '@dedot/shape': 1.3.0
      '@dedot/types': 1.3.0

  '@dedot/shape@1.3.0':
    dependencies:
      '@dedot/utils': 1.3.0
      deshape: 0.1.0

  '@dedot/smoldot@1.3.0':
    dependencies:
      smoldot: 2.0.40
    transitivePeerDependencies:
      - bufferutil
      - utf-8-validate

  '@dedot/storage@1.3.0': {}

  '@dedot/types@1.3.0':
    dependencies:
      '@dedot/codecs': 1.3.0
      '@dedot/shape': 1.3.0
      '@dedot/utils': 1.3.0

  '@dedot/utils@1.3.0':
    dependencies:
      '@noble/hashes': 1.8.0
      '@scure/base': 1.2.6
      eventemitter3: 5.0.4

  '@dedot/wasm@0.1.0': {}

  '@esbuild/aix-ppc64@0.28.0':
    optional: true

  '@esbuild/android-arm64@0.28.0':
    optional: true

  '@esbuild/android-arm@0.28.0':
    optional: true

  '@esbuild/android-x64@0.28.0':
    optional: true

  '@esbuild/darwin-arm64@0.28.0':
    optional: true

  '@esbuild/darwin-x64@0.28.0':
    optional: true

  '@esbuild/freebsd-arm64@0.28.0':
    optional: true

  '@esbuild/freebsd-x64@0.28.0':
    optional: true

  '@esbuild/linux-arm64@0.28.0':
    optional: true

  '@esbuild/linux-arm@0.28.0':
    optional: true

  '@esbuild/linux-ia32@0.28.0':
    optional: true

  '@esbuild/linux-loong64@0.28.0':
    optional: true

  '@esbuild/linux-mips64el@0.28.0':
    optional: true

  '@esbuild/linux-ppc64@0.28.0':
    optional: true

  '@esbuild/linux-riscv64@0.28.0':
    optional: true

  '@esbuild/linux-s390x@0.28.0':
    optional: true

  '@esbuild/linux-x64@0.28.0':
    optional: true

  '@esbuild/netbsd-arm64@0.28.0':
    optional: true

  '@esbuild/netbsd-x64@0.28.0':
    optional: true

  '@esbuild/openbsd-arm64@0.28.0':
    optional: true

  '@esbuild/openbsd-x64@0.28.0':
    optional: true

  '@esbuild/openharmony-arm64@0.28.0':
    optional: true

  '@esbuild/sunos-x64@0.28.0':
    optional: true

  '@esbuild/win32-arm64@0.28.0':
    optional: true

  '@esbuild/win32-ia32@0.28.0':
    optional: true

  '@esbuild/win32-x64@0.28.0':
    optional: true

  '@noble/ciphers@1.3.0': {}

  '@noble/curves@1.9.1':
    dependencies:
      '@noble/hashes': 1.8.0

  '@noble/hashes@1.8.0': {}

  '@polkadot/keyring@13.5.9(@polkadot/util-crypto@13.5.9(@polkadot/util@13.5.9))(@polkadot/util@13.5.9)':
    dependencies:
      '@polkadot/util': 13.5.9
      '@polkadot/util-crypto': 13.5.9(@polkadot/util@13.5.9)
      tslib: 2.8.1

  '@polkadot/networks@13.5.9':
    dependencies:
      '@polkadot/util': 13.5.9
      '@substrate/ss58-registry': 1.51.0
      tslib: 2.8.1

  '@polkadot/types-support@16.5.6':
    dependencies:
      '@polkadot/util': 14.0.3
      tslib: 2.8.1

  '@polkadot/util-crypto@13.5.9(@polkadot/util@13.5.9)':
    dependencies:
      '@noble/curves': 1.9.1
      '@noble/hashes': 1.8.0
      '@polkadot/networks': 13.5.9
      '@polkadot/util': 13.5.9
      '@polkadot/wasm-crypto': 7.5.4(@polkadot/util@13.5.9)(@polkadot/x-randomvalues@13.5.9(@polkadot/util@13.5.9)(@polkadot/wasm-util@7.5.4(@polkadot/util@13.5.9)))
      '@polkadot/wasm-util': 7.5.4(@polkadot/util@13.5.9)
      '@polkadot/x-bigint': 13.5.9
      '@polkadot/x-randomvalues': 13.5.9(@polkadot/util@13.5.9)(@polkadot/wasm-util@7.5.4(@polkadot/util@13.5.9))
      '@scure/base': 1.2.6
      tslib: 2.8.1

  '@polkadot/util@13.5.9':
    dependencies:
      '@polkadot/x-bigint': 13.5.9
      '@polkadot/x-global': 13.5.9
      '@polkadot/x-textdecoder': 13.5.9
      '@polkadot/x-textencoder': 13.5.9
      '@types/bn.js': 5.2.0
      bn.js: 5.2.3
      tslib: 2.8.1

  '@polkadot/util@14.0.3':
    dependencies:
      '@polkadot/x-bigint': 14.0.3
      '@polkadot/x-global': 14.0.3
      '@polkadot/x-textdecoder': 14.0.3
      '@polkadot/x-textencoder': 14.0.3
      '@types/bn.js': 5.2.0
      bn.js: 5.2.3
      tslib: 2.8.1

  '@polkadot/wasm-bridge@7.5.4(@polkadot/util@13.5.9)(@polkadot/x-randomvalues@13.5.9(@polkadot/util@13.5.9)(@polkadot/wasm-util@7.5.4(@polkadot/util@13.5.9)))':
    dependencies:
      '@polkadot/util': 13.5.9
      '@polkadot/wasm-util': 7.5.4(@polkadot/util@13.5.9)
      '@polkadot/x-randomvalues': 13.5.9(@polkadot/util@13.5.9)(@polkadot/wasm-util@7.5.4(@polkadot/util@13.5.9))
      tslib: 2.8.1

  '@polkadot/wasm-crypto-asmjs@7.5.4(@polkadot/util@13.5.9)':
    dependencies:
      '@polkadot/util': 13.5.9
      tslib: 2.8.1

  '@polkadot/wasm-crypto-init@7.5.4(@polkadot/util@13.5.9)(@polkadot/x-randomvalues@13.5.9(@polkadot/util@13.5.9)(@polkadot/wasm-util@7.5.4(@polkadot/util@13.5.9)))':
    dependencies:
      '@polkadot/util': 13.5.9
      '@polkadot/wasm-bridge': 7.5.4(@polkadot/util@13.5.9)(@polkadot/x-randomvalues@13.5.9(@polkadot/util@13.5.9)(@polkadot/wasm-util@7.5.4(@polkadot/util@13.5.9)))
      '@polkadot/wasm-crypto-asmjs': 7.5.4(@polkadot/util@13.5.9)
      '@polkadot/wasm-crypto-wasm': 7.5.4(@polkadot/util@13.5.9)
      '@polkadot/wasm-util': 7.5.4(@polkadot/util@13.5.9)
      '@polkadot/x-randomvalues': 13.5.9(@polkadot/util@13.5.9)(@polkadot/wasm-util@7.5.4(@polkadot/util@13.5.9))
      tslib: 2.8.1

  '@polkadot/wasm-crypto-wasm@7.5.4(@polkadot/util@13.5.9)':
    dependencies:
      '@polkadot/util': 13.5.9
      '@polkadot/wasm-util': 7.5.4(@polkadot/util@13.5.9)
      tslib: 2.8.1

  '@polkadot/wasm-crypto@7.5.4(@polkadot/util@13.5.9)(@polkadot/x-randomvalues@13.5.9(@polkadot/util@13.5.9)(@polkadot/wasm-util@7.5.4(@polkadot/util@13.5.9)))':
    dependencies:
      '@polkadot/util': 13.5.9
      '@polkadot/wasm-bridge': 7.5.4(@polkadot/util@13.5.9)(@polkadot/x-randomvalues@13.5.9(@polkadot/util@13.5.9)(@polkadot/wasm-util@7.5.4(@polkadot/util@13.5.9)))
      '@polkadot/wasm-crypto-asmjs': 7.5.4(@polkadot/util@13.5.9)
      '@polkadot/wasm-crypto-init': 7.5.4(@polkadot/util@13.5.9)(@polkadot/x-randomvalues@13.5.9(@polkadot/util@13.5.9)(@polkadot/wasm-util@7.5.4(@polkadot/util@13.5.9)))
      '@polkadot/wasm-crypto-wasm': 7.5.4(@polkadot/util@13.5.9)
      '@polkadot/wasm-util': 7.5.4(@polkadot/util@13.5.9)
      '@polkadot/x-randomvalues': 13.5.9(@polkadot/util@13.5.9)(@polkadot/wasm-util@7.5.4(@polkadot/util@13.5.9))
      tslib: 2.8.1

  '@polkadot/wasm-util@7.5.4(@polkadot/util@13.5.9)':
    dependencies:
      '@polkadot/util': 13.5.9
      tslib: 2.8.1

  '@polkadot/x-bigint@13.5.9':
    dependencies:
      '@polkadot/x-global': 13.5.9
      tslib: 2.8.1

  '@polkadot/x-bigint@14.0.3':
    dependencies:
      '@polkadot/x-global': 14.0.3
      tslib: 2.8.1

  '@polkadot/x-global@13.5.9':
    dependencies:
      tslib: 2.8.1

  '@polkadot/x-global@14.0.3':
    dependencies:
      tslib: 2.8.1

  '@polkadot/x-randomvalues@13.5.9(@polkadot/util@13.5.9)(@polkadot/wasm-util@7.5.4(@polkadot/util@13.5.9))':
    dependencies:
      '@polkadot/util': 13.5.9
      '@polkadot/wasm-util': 7.5.4(@polkadot/util@13.5.9)
      '@polkadot/x-global': 13.5.9
      tslib: 2.8.1

  '@polkadot/x-textdecoder@13.5.9':
    dependencies:
      '@polkadot/x-global': 13.5.9
      tslib: 2.8.1

  '@polkadot/x-textdecoder@14.0.3':
    dependencies:
      '@polkadot/x-global': 14.0.3
      tslib: 2.8.1

  '@polkadot/x-textencoder@13.5.9':
    dependencies:
      '@polkadot/x-global': 13.5.9
      tslib: 2.8.1

  '@polkadot/x-textencoder@14.0.3':
    dependencies:
      '@polkadot/x-global': 14.0.3
      tslib: 2.8.1

  '@polkadot/x-ws@14.0.3':
    dependencies:
      '@polkadot/x-global': 14.0.3
      tslib: 2.8.1
      ws: 8.21.0
    transitivePeerDependencies:
      - bufferutil
      - utf-8-validate

  '@scure/base@1.2.6': {}

  '@scure/bip32@1.7.0':
    dependencies:
      '@noble/curves': 1.9.1
      '@noble/hashes': 1.8.0
      '@scure/base': 1.2.6

  '@scure/bip39@1.6.0':
    dependencies:
      '@noble/hashes': 1.8.0
      '@scure/base': 1.2.6

  '@substrate/ss58-registry@1.51.0': {}

  '@types/bn.js@5.2.0':
    dependencies:
      '@types/node': 22.19.20

  '@types/node@22.19.20':
    dependencies:
      undici-types: 6.21.0

  abitype@1.2.3(typescript@5.9.3):
    optionalDependencies:
      typescript: 5.9.3

  ansi-regex@5.0.1: {}

  ansi-regex@6.2.2: {}

  ansi-styles@4.3.0:
    dependencies:
      color-convert: 2.0.1

  bn.js@5.2.3: {}

  chalk@5.6.2: {}

  cli-cursor@5.0.0:
    dependencies:
      restore-cursor: 5.1.0

  cli-spinners@3.4.0: {}

  cliui@8.0.1:
    dependencies:
      string-width: 4.2.3
      strip-ansi: 6.0.1
      wrap-ansi: 7.0.0

  color-convert@2.0.1:
    dependencies:
      color-name: 1.1.4

  color-name@1.1.4: {}

  dedot@1.3.0(typescript@5.9.3):
    dependencies:
      '@dedot/api': 1.3.0
      '@dedot/cli': 1.3.0(typescript@5.9.3)
      '@dedot/codecs': 1.3.0
      '@dedot/contracts': 1.3.0(typescript@5.9.3)
      '@dedot/merkleized-metadata': 1.3.0
      '@dedot/providers': 1.3.0
      '@dedot/runtime-specs': 1.3.0
      '@dedot/shape': 1.3.0
      '@dedot/smoldot': 1.3.0
      '@dedot/types': 1.3.0
      '@dedot/utils': 1.3.0
      smoldot: 2.0.40
    transitivePeerDependencies:
      - bufferutil
      - typescript
      - utf-8-validate
      - zod

  deshape@0.1.0: {}

  dotenv@16.6.1: {}

  emoji-regex@8.0.0: {}

  esbuild@0.28.0:
    optionalDependencies:
      '@esbuild/aix-ppc64': 0.28.0
      '@esbuild/android-arm': 0.28.0
      '@esbuild/android-arm64': 0.28.0
      '@esbuild/android-x64': 0.28.0
      '@esbuild/darwin-arm64': 0.28.0
      '@esbuild/darwin-x64': 0.28.0
      '@esbuild/freebsd-arm64': 0.28.0
      '@esbuild/freebsd-x64': 0.28.0
      '@esbuild/linux-arm': 0.28.0
      '@esbuild/linux-arm64': 0.28.0
      '@esbuild/linux-ia32': 0.28.0
      '@esbuild/linux-loong64': 0.28.0
      '@esbuild/linux-mips64el': 0.28.0
      '@esbuild/linux-ppc64': 0.28.0
      '@esbuild/linux-riscv64': 0.28.0
      '@esbuild/linux-s390x': 0.28.0
      '@esbuild/linux-x64': 0.28.0
      '@esbuild/netbsd-arm64': 0.28.0
      '@esbuild/netbsd-x64': 0.28.0
      '@esbuild/openbsd-arm64': 0.28.0
      '@esbuild/openbsd-x64': 0.28.0
      '@esbuild/openharmony-arm64': 0.28.0
      '@esbuild/sunos-x64': 0.28.0
      '@esbuild/win32-arm64': 0.28.0
      '@esbuild/win32-ia32': 0.28.0
      '@esbuild/win32-x64': 0.28.0

  escalade@3.2.0: {}

  eventemitter3@5.0.1: {}

  eventemitter3@5.0.4: {}

  fsevents@2.3.3:
    optional: true

  get-caller-file@2.0.5: {}

  get-east-asian-width@1.6.0: {}

  handlebars@4.7.9:
    dependencies:
      minimist: 1.2.8
      neo-async: 2.6.2
      source-map: 0.6.1
      wordwrap: 1.0.0
    optionalDependencies:
      uglify-js: 3.19.3

  is-fullwidth-code-point@3.0.0: {}

  is-interactive@2.0.0: {}

  is-unicode-supported@2.1.0: {}

  isows@1.0.7(ws@8.20.1):
    dependencies:
      ws: 8.20.1

  log-symbols@7.0.1:
    dependencies:
      is-unicode-supported: 2.1.0
      yoctocolors: 2.1.2

  mimic-function@5.0.1: {}

  minimist@1.2.8: {}

  neo-async@2.6.2: {}

  onetime@7.0.0:
    dependencies:
      mimic-function: 5.0.1

  ora@9.4.0:
    dependencies:
      chalk: 5.6.2
      cli-cursor: 5.0.0
      cli-spinners: 3.4.0
      is-interactive: 2.0.0
      is-unicode-supported: 2.1.0
      log-symbols: 7.0.1
      stdin-discarder: 0.3.2
      string-width: 8.2.1

  ox@0.14.29(typescript@5.9.3):
    dependencies:
      '@adraffy/ens-normalize': 1.11.1
      '@noble/ciphers': 1.3.0
      '@noble/curves': 1.9.1
      '@noble/hashes': 1.8.0
      '@scure/bip32': 1.7.0
      '@scure/bip39': 1.6.0
      abitype: 1.2.3(typescript@5.9.3)
      eventemitter3: 5.0.1
    optionalDependencies:
      typescript: 5.9.3
    transitivePeerDependencies:
      - zod

  prettier@3.8.4: {}

  require-directory@2.1.1: {}

  restore-cursor@5.1.0:
    dependencies:
      onetime: 7.0.0
      signal-exit: 4.1.0

  signal-exit@4.1.0: {}

  smoldot@2.0.40:
    dependencies:
      ws: 8.21.0
    transitivePeerDependencies:
      - bufferutil
      - utf-8-validate

  source-map@0.6.1: {}

  stdin-discarder@0.3.2: {}

  string-width@4.2.3:
    dependencies:
      emoji-regex: 8.0.0
      is-fullwidth-code-point: 3.0.0
      strip-ansi: 6.0.1

  string-width@8.2.1:
    dependencies:
      get-east-asian-width: 1.6.0
      strip-ansi: 7.2.0

  strip-ansi@6.0.1:
    dependencies:
      ansi-regex: 5.0.1

  strip-ansi@7.2.0:
    dependencies:
      ansi-regex: 6.2.2

  tslib@2.8.1: {}

  tsx@4.22.4:
    dependencies:
      esbuild: 0.28.0
    optionalDependencies:
      fsevents: 2.3.3

  typescript@5.9.3: {}

  uglify-js@3.19.3:
    optional: true

  undici-types@6.21.0: {}

  viem@2.52.2(typescript@5.9.3):
    dependencies:
      '@noble/curves': 1.9.1
      '@noble/hashes': 1.8.0
      '@scure/bip32': 1.7.0
      '@scure/bip39': 1.6.0
      abitype: 1.2.3(typescript@5.9.3)
      isows: 1.0.7(ws@8.20.1)
      ox: 0.14.29(typescript@5.9.3)
      ws: 8.20.1
    optionalDependencies:
      typescript: 5.9.3
    transitivePeerDependencies:
      - bufferutil
      - utf-8-validate
      - zod

  wordwrap@1.0.0: {}

  wrap-ansi@7.0.0:
    dependencies:
      ansi-styles: 4.3.0
      string-width: 4.2.3
      strip-ansi: 6.0.1

  ws@8.20.1: {}

  ws@8.21.0: {}

  y18n@5.0.8: {}

  yargs-parser@21.1.1: {}

  yargs@17.7.2:
    dependencies:
      cliui: 8.0.1
      escalade: 3.2.0
      get-caller-file: 2.0.5
      require-directory: 2.1.1
      string-width: 4.2.3
      y18n: 5.0.8
      yargs-parser: 21.1.1

  yoctocolors@2.1.2: {}
